# This file was autogenerated by Stack.
# You should not edit this file by hand.
# For more information, please see the documentation at:
#   https://docs.haskellstack.org/en/stable/lock_files

packages:
- completed:
    hackage: apply-refact-0.9.2.0@sha256:622b6b745b10cc2ca9ebae57e8f4baf58e52d0c4eb094627c70579594c1ab2f5,5173
    pantry-tree:
      size: 94850
      sha256: 08bf4d62879684ea0951b5c4ecf6aa553bb38a6eb93ca4d8cc7416720e260b9c
  original:
    hackage: apply-refact-0.9.2.0@sha256:622b6b745b10cc2ca9ebae57e8f4baf58e52d0c4eb094627c70579594c1ab2f5,5173
- completed:
    hackage: hasktags-0.71.2@sha256:4332adbe1f81237605faf10b1854c0d2ebebe5699a5f655657f11259ebda2d4a,2864
    pantry-tree:
      size: 2179
      sha256: afef601727cb188867d5d22f34fb4ab1480c28162be429c1e136b6f28d08bdfb
  original:
    hackage: hasktags-0.71.2@sha256:4332adbe1f81237605faf10b1854c0d2ebebe5699a5f655657f11259ebda2d4a,2864
- completed:
    hackage: hoogle-5.0.18.1@sha256:7355e70a4b7df53a1c17508e67b3c52b7a8cd60df1c7e62acf83ff14c643d743,3163
    pantry-tree:
      size: 3414
      sha256: aec53c4683432a7d55059eb8c8eb77616cad5bc0be106618dc2418716c9a5902
  original:
    hackage: hoogle-5.0.18.1@sha256:7355e70a4b7df53a1c17508e67b3c52b7a8cd60df1c7e62acf83ff14c643d743,3163
- completed:
    hackage: ghc-exactprint-0.6.4@sha256:51651c9491eae7a82e7623eb131c2a42a4b4e25d53e6ca4812aadec2cf32c947,9746
    pantry-tree:
      size: 90438
      sha256: e367743a2366453749d63dbe07be9454625b92d52c314ce0421056778c571fb0
  original:
    hackage: ghc-exactprint-0.6.4@sha256:51651c9491eae7a82e7623eb131c2a42a4b4e25d53e6ca4812aadec2cf32c947,9746
- completed:
    hackage: json-0.10@sha256:d9fc6b07ce92b8894825a17d2cf14799856767eb30c8bf55962baa579207d799,3210
    pantry-tree:
      size: 3190
      sha256: 5654f66b7cd8bf087ac040a9b0a83eb064219eab32230f61a3adeddfdbb4d4cd
  original:
    hackage: json-0.10@sha256:d9fc6b07ce92b8894825a17d2cf14799856767eb30c8bf55962baa579207d799,3210
snapshots:
- completed:
    size: 534126
    url: https://raw.githubusercontent.com/commercialhaskell/stackage-snapshots/master/lts/16/31.yaml
    sha256: 637fb77049b25560622a224845b7acfe81a09fdb6a96a3c75997a10b651667f6
  original:
    url: https://raw.githubusercontent.com/commercialhaskell/stackage-snapshots/master/lts/16/31.yaml
